# This file is automatically @generated by Cargo.
# It is not intended for manual editing.
version = 3

[[package]]
name = "form_urlencoded"
version = "1.1.0"
source = "registry+https://github.com/rust-lang/crates.io-index"
checksum = "a9c384f161156f5260c24a097c56119f9be8c798586aecc13afbcbe7b7e26bf8"
dependencies = [
 "percent-encoding",
]

[[package]]
name = "home"
version = "0.5.5"
source = "registry+https://github.com/rust-lang/crates.io-index"
checksum = "5444c27eef6923071f7ebcc33e3444508466a76f7a2b93da00ed6e19f30c1ddb"
dependencies = [
 "windows-sys",
]

[[package]]
name = "idna"
version = "0.3.0"
source = "registry+https://github.com/rust-lang/crates.io-index"
checksum = "e14ddfc70884202db2244c223200c204c2bda1bc6e0998d11b5e024d657209e6"
dependencies = [
 "unicode-bidi",
 "unicode-normalization",
]

[[package]]
name = "pacl"
version = "0.1.0"
dependencies = [
 "home",
 "url",
]

[[package]]
name = "percent-encoding"
version = "2.2.0"
source = "registry+https://github.com/rust-lang/crates.io-index"
checksum = "478c572c3d73181ff3c2539045f6eb99e5491218eae919370993b890cdbdd98e"

[[package]]
name = "tinyvec"
version = "1.5.1"
source = "registry+https://github.com/rust-lang/crates.io-index"
checksum = "2c1c1d5a42b6245520c249549ec267180beaffcc0615401ac8e31853d4b6d8d2"
dependencies = [
 "tinyvec_macros",
]

[[package]]
name = "tinyvec_macros"
version = "0.1.0"
source = "registry+https://github.com/rust-lang/crates.io-index"
checksum = "cda74da7e1a664f795bb1f8a87ec406fb89a02522cf6e50620d016add6dbbf5c"

[[package]]
name = "unicode-bidi"
version = "0.3.7"
source = "registry+https://github.com/rust-lang/crates.io-index"
checksum = "1a01404663e3db436ed2746d9fefef640d868edae3cceb81c3b8d5732fda678f"

[[package]]
name = "unicode-normalization"
version = "0.1.19"
source = "registry+https://github.com/rust-lang/crates.io-index"
checksum = "d54590932941a9e9266f0832deed84ebe1bf2e4c9e4a3554d393d18f5e854bf9"
dependencies = [
 "tinyvec",
]

[[package]]
name = "url"
version = "2.3.1"
source = "registry+https://github.com/rust-lang/crates.io-index"
checksum = "0d68c799ae75762b8c3fe375feb6600ef5602c883c5d21eb51c09f22b83c4643"
dependencies = [
 "form_urlencoded",
 "idna",
 "percent-encoding",
]

[[package]]
name = "windows-sys"
version = "0.48.0"
source = "registry+https://github.com/rust-lang/crates.io-index"
checksum = "677d2418bec65e3338edb076e806bc1ec15693c5d0104683f2efe857f61056a9"
dependencies = [
 "windows-targets",
]

[[package]]
name = "windows-targets"
version = "0.48.0"
source = "registry+https://github.com/rust-lang/crates.io-index"
checksum = "7b1eb6f0cd7c80c79759c929114ef071b87354ce476d9d94271031c0497adfd5"
dependencies = [
 "windows_aarch64_gnullvm",
 "windows_aarch64_msvc",
 "windows_i686_gnu",
 "windows_i686_msvc",
 "windows_x86_64_gnu",
 "windows_x86_64_gnullvm",
 "windows_x86_64_msvc",
]

[[package]]
name = "windows_aarch64_gnullvm"
version = "0.48.0"
source = "registry+https://github.com/rust-lang/crates.io-index"
checksum = "91ae572e1b79dba883e0d315474df7305d12f569b400fcf90581b06062f7e1bc"

[[package]]
name = "windows_aarch64_msvc"
version = "0.48.0"
source = "registry+https://github.com/rust-lang/crates.io-index"
checksum = "b2ef27e0d7bdfcfc7b868b317c1d32c641a6fe4629c171b8928c7b08d98d7cf3"

[[package]]
name = "windows_i686_gnu"
version = "0.48.0"
source = "registry+https://github.com/rust-lang/crates.io-index"
checksum = "622a1962a7db830d6fd0a69683c80a18fda201879f0f447f065a3b7467daa241"

[[package]]
name = "windows_i686_msvc"
version = "0.48.0"
source = "registry+https://github.com/rust-lang/crates.io-index"
checksum = "4542c6e364ce21bf45d69fdd2a8e455fa38d316158cfd43b3ac1c5b1b19f8e00"

[[package]]
name = "windows_x86_64_gnu"
version = "0.48.0"
source = "registry+https://github.com/rust-lang/crates.io-index"
checksum = "ca2b8a661f7628cbd23440e50b05d705db3686f894fc9580820623656af974b1"

[[package]]
name = "windows_x86_64_gnullvm"
version = "0.48.0"
source = "registry+https://github.com/rust-lang/crates.io-index"
checksum = "7896dbc1f41e08872e9d5e8f8baa8fdd2677f29468c4e156210174edc7f7b953"

[[package]]
name = "windows_x86_64_msvc"
version = "0.48.0"
source = "registry+https://github.com/rust-lang/crates.io-index"
checksum = "1a515f5799fe4961cb532f983ce2b23082366b898e52ffbce459c86f67c8378a"
